{
  "name": "doc-folder-pdf-watcher",
  "version": "0.1.0",
  "lockfileVersion": 3,
  "requires": true,
  "packages": {
    "": {
      "name": "doc-folder-pdf-watcher",
      "version": "0.1.0",
      "dependencies": {
        "archiver": "^6.0.2",
        "chokidar": "^3.5.3",
        "dayjs": "^1.11.10",
        "fs-extra": "^11.2.0",
        "winston": "^3.10.0"
      },
      "devDependencies": {
        "@types/fs-extra": "^11.0.4",
        "@types/node": "^20.11.24",
        "@types/winston": "^2.4.4",
        "pkg": "^5.8.1",
        "ts-node": "^10.9.2",
        "typescript": "^5.3.3"
      }
    }
  },
  "dependencies": {
    "@types/fs-extra": {
      "version": "11.0.4"
    },
    "@types/node": {
      "version": "20.11.24"
    },
    "@types/winston": {
      "version": "2.4.4"
    },
    "archiver": {
      "version": "6.0.2"
    },
    "chokidar": {
      "version": "3.5.3"
    },
    "dayjs": {
      "version": "1.11.10"
    },
    "fs-extra": {
      "version": "11.2.0"
    },
    "pkg": {
      "version": "5.8.1"
    },
    "ts-node": {
      "version": "10.9.2"
    },
    "typescript": {
      "version": "5.3.3"
    },
    "winston": {
      "version": "3.10.0"
    }
  }
}
